%{"amqp": {:hex, :amqp, "0.1.1", "b4cf4f994ac4b38a6129b11f5ace18be409911c3e5c034117bacc8d3c3a2ee85", [:mix], [{:amqp_client, "~> 3.5.0", [hex: :amqp_client, repo: "hexpm", optional: false]}], "hexpm"},
  "amqp_client": {:hex, :amqp_client, "3.5.0", "8bebca0cb99fac7294ccf1dcf28a025e4c8e5b7b80c1bad4bf7d9c0d4edb6744", [:rebar], [{:rabbit_common, "~> 3.5.0", [hex: :rabbit_common, repo: "hexpm", optional: false]}], "hexpm"},
  "aws": {:git, "https://github.com/jkakar/aws-elixir", "8013290cdcd653e47615da98917cfbaae52c1448", []},
  "earmark": {:git, "git://github.com/pragdave/earmark.git", "f078149976c6b408422bb0a6fe782f57b17afa3b", [tag: "v0.1.8"]},
  "ex_doc": {:git, "git://github.com/elixir-lang/ex_doc.git", "c1f8b04d7b639abb377f562c692190e88fcb110a", []},
  "exactor": {:hex, :exactor, "2.2.0", "2a7418b82d974fe8276edd62c1facf4a9dc06339cdf11b5dcd10359e107fe5c3", [:mix], [], "hexpm"},
  "exjsx": {:hex, :exjsx, "3.2.0", "7136cc739ace295fc74c378f33699e5145bead4fdc1b4799822d0287489136fb", [:mix], [{:jsx, "~> 2.6.2", [hex: :jsx, repo: "hexpm", optional: false]}], "hexpm"},
  "exvcr": {:git, "git://github.com/parroty/exvcr.git", "609a505e92b37d119fe5a84ffa0da60191561b06", []},
  "fleet_api": {:hex, :fleet_api, "0.0.15", "5e172b39fcd6ba58ccd4a3c3358b9d5cc2f4a2db7aa0a344bde5a010b3b10bd2", [:mix], [{:httpoison, "0.7.1", [hex: :httpoison, repo: "hexpm", optional: false]}, {:poison, "1.3.1", [hex: :poison, repo: "hexpm", optional: false]}], "hexpm"},
  "hackney": {:hex, :hackney, "1.3.2", "43bd07ab88753f5e136e38fddd2a09124bee25733b03361eeb459d0173fc17ab", [:make, :rebar], [{:idna, "~> 1.0.2", [hex: :idna, repo: "hexpm", optional: false]}, {:ssl_verify_hostname, "~> 1.0.5", [hex: :ssl_verify_hostname, repo: "hexpm", optional: false]}], "hexpm"},
  "httpoison": {:hex, :httpoison, "0.7.1", "54105b19ca9b2d4d16afed7e6823ba0a304002cfd5677b0d8703eb40933b4680", [:mix], [{:hackney, "~> 1.3.0", [hex: :hackney, repo: "hexpm", optional: false]}], "hexpm"},
  "idna": {:hex, :idna, "1.0.2", "397e3d001c002319da75759b0a81156bf11849c71d565162436d50020cb7265e", [:make], [], "hexpm"},
  "jsx": {:hex, :jsx, "2.6.2", "213721e058da0587a4bce3cc8a00ff6684ced229c8f9223245c6ff2c88fbaa5a", [:mix, :rebar], [], "hexpm"},
  "meck": {:hex, :meck, "0.8.3", "4628a1334c69610c5bd558b04dc78d723d8ec5445c123856de34c77f462b5ee5", [:rebar], [], "hexpm"},
  "openaperture_auth": {:git, "https://github.com/OpenAperture/auth.git", "dc7a0813b335d3013dff60d271ae1f51fc4b5049", [ref: "dc7a0813b335d3013dff60d271ae1f51fc4b5049"]},
  "openaperture_fleet": {:git, "https://github.com/OpenAperture/fleet.git", "9fa880eef5aa23bf89e3f121df04fdc542c74c73", [ref: "9fa880eef5aa23bf89e3f121df04fdc542c74c73"]},
  "openaperture_manager_api": {:git, "https://github.com/OpenAperture/manager_api.git", "dc06f0a484410e7707dab8e96807d54a564557ed", [ref: "dc06f0a484410e7707dab8e96807d54a564557ed"]},
  "openaperture_messaging": {:git, "https://github.com/OpenAperture/messaging.git", "380ce611a038dd8f7afb4fa7f660aeac06475af0", [ref: "380ce611a038dd8f7afb4fa7f660aeac06475af0"]},
  "openaperture_overseer_api": {:git, "https://github.com/OpenAperture/overseer_api.git", "67e1ec93cf1e12e5b0e86165f33ede703a886092", [ref: "67e1ec93cf1e12e5b0e86165f33ede703a886092"]},
  "openaperture_workflow_orchestrator_api": {:git, "https://github.com/OpenAperture/workflow_orchestrator_api.git", "4e56be62204b4ac3f05facb518b54f19eeba0c70", [ref: "4e56be62204b4ac3f05facb518b54f19eeba0c70"]},
  "poison": {:hex, :poison, "1.4.0", "cd5afb9db7f0d19487572fa28185b6d4de647f14235746824e77b3139b79b725", [:mix], [], "hexpm"},
  "rabbit_common": {:hex, :rabbit_common, "3.5.0", "bec9308523fc3039cb0286104c339a456caa79a07e10a544b9ec7a6afcff65ff", [:rebar], [], "hexpm"},
  "ssl_verify_hostname": {:hex, :ssl_verify_hostname, "1.0.5", "2e73e068cd6393526f9fa6d399353d7c9477d6886ba005f323b592d389fb47be", [:make], [], "hexpm"},
  "timex": {:hex, :timex, "0.13.5", "54c015e379ccf4c145761f85b9895e9d500848135b84356d0e8d9ef7f4f6e980", [:mix], [], "hexpm"},
  "timex_extensions": {:git, "https://github.com/OpenAperture/timex_extensions.git", "bf6fe4b5a6bd7615fc39877f64b31e285b7cc3de", [ref: "bf6fe4b5a6bd7615fc39877f64b31e285b7cc3de"]},
  "uuid": {:hex, :uuid, "0.1.5", "b6ace36a422cb8a1c3b02901aa5627595f115fe185ac8b0fdd0a8ee48c235068", [:mix], [], "hexpm"}}
